
Microsoft Visual Studio Solution File, Format Version 12.00
# Visual Studio Version 17
VisualStudioVersion = 17.6.33829.357
MinimumVisualStudioVersion = 10.0.40219.1
Project("{FAE04EC0-301F-11D3-BF4B-00C04F79EFBC}") = "StudentManagement", "StudentManagement\StudentManagement.csproj", "{1E2E772A-B723-41F7-BBA2-0B18689B789B}"
EndProject
Global
	GlobalSection(SolutionConfigurationPlatforms) = preSolution
		Debug|Any CPU = Debug|Any CPU
		Release|Any CPU = Release|Any CPU
	EndGlobalSection
	GlobalSection(ProjectConfigurationPlatforms) = postSolution
		{1E2E772A-B723-41F7-BBA2-0B18689B789B}.Debug|Any CPU.ActiveCfg = Debug|Any CPU
		{1E2E772A-B723-41F7-BBA2-0B18689B789B}.Debug|Any CPU.Build.0 = Debug|Any CPU
		{1E2E772A-B723-41F7-BBA2-0B18689B789B}.Release|Any CPU.ActiveCfg = Release|Any CPU
		{1E2E772A-B723-41F7-BBA2-0B18689B789B}.Release|Any CPU.Build.0 = Release|Any CPU
	EndGlobalSection
	GlobalSection(SolutionProperties) = preSolution
		HideSolutionNode = FALSE
	EndGlobalSection
	GlobalSection(ExtensibilityGlobals) = postSolution
		SolutionGuid = {2EE4161B-9DB7-4FDB-AB3F-76118C827CBC}
	EndGlobalSection
EndGlobal
